
Microsoft Visual Studio Solution File, Format Version 12.00
# Visual Studio Version 16
VisualStudioVersion = 16.0.29102.190
MinimumVisualStudioVersion = 10.0.40219.1
Project("{2150E333-8FDC-42A3-9474-1A3956D46DE8}") = "Core", "Core", "{8CB57871-8FE3-4CD3-AB51-E5EDA513F86D}"
EndProject
Project("{2150E333-8FDC-42A3-9474-1A3956D46DE8}") = "Application", "Application", "{77807875-F3FE-4B8D-9162-83D9F5333BCC}"
EndProject
Project("{9A19103F-16F7-4668-BE54-9A1E7A4F7556}") = "AJut.Core", "Core\AJut.Core.csproj", "{C37494BD-E554-4D21-8974-28B220878498}"
EndProject
Project("{2150E333-8FDC-42A3-9474-1A3956D46DE8}") = "Test", "Test", "{001ECD79-C422-481B-9654-4890AAC5BED3}"
EndProject
Project("{9A19103F-16F7-4668-BE54-9A1E7A4F7556}") = "AJut.Application.WPF", "Application\AJut.Application.WPF\AJut.Application.WPF.csproj", "{A34F30AD-382A-4B7A-BD73-693B7CD7F8BB}"
EndProject
Project("{9A19103F-16F7-4668-BE54-9A1E7A4F7556}") = "AJut.Application", "Application\AJut.Application\AJut.Application.csproj", "{1BC48BA2-E5B5-4E57-95A6-D82523D803C5}"
EndProject
Project("{9A19103F-16F7-4668-BE54-9A1E7A4F7556}") = "AJut.TestApp.WPF", "Test\AJut.TestApp.WPF\AJut.TestApp.WPF.csproj", "{CC4343D8-7C39-4DAF-BC7F-A8C397EB0451}"
EndProject
Project("{9A19103F-16F7-4668-BE54-9A1E7A4F7556}") = "AJut.UnitTests.Core", "Test\AJut.UnitTests.Core\AJut.UnitTests.Core.csproj", "{E28543B4-636B-48F9-BDD8-53FE94DA130F}"
EndProject
Project("{2150E333-8FDC-42A3-9474-1A3956D46DE8}") = "Solution Items", "Solution Items", "{1E8C5245-FA4E-46DD-BF84-F5F7417461A2}"
	ProjectSection(SolutionItems) = preProject
		.editorconfig = .editorconfig
	EndProjectSection
EndProject
Global
	GlobalSection(SolutionConfigurationPlatforms) = preSolution
		Debug|Any CPU = Debug|Any CPU
		Debug|ARM = Debug|ARM
		Debug|x64 = Debug|x64
		Debug|x86 = Debug|x86
		Release|Any CPU = Release|Any CPU
		Release|ARM = Release|ARM
		Release|x64 = Release|x64
		Release|x86 = Release|x86
	EndGlobalSection
	GlobalSection(ProjectConfigurationPlatforms) = postSolution
		{C37494BD-E554-4D21-8974-28B220878498}.Debug|Any CPU.ActiveCfg = Debug|Any CPU
		{C37494BD-E554-4D21-8974-28B220878498}.Debug|Any CPU.Build.0 = Debug|Any CPU
		{C37494BD-E554-4D21-8974-28B220878498}.Debug|ARM.ActiveCfg = Debug|Any CPU
		{C37494BD-E554-4D21-8974-28B220878498}.Debug|ARM.Build.0 = Debug|Any CPU
		{C37494BD-E554-4D21-8974-28B220878498}.Debug|x64.ActiveCfg = Debug|Any CPU
		{C37494BD-E554-4D21-8974-28B220878498}.Debug|x64.Build.0 = Debug|Any CPU
		{C37494BD-E554-4D21-8974-28B220878498}.Debug|x86.ActiveCfg = Debug|Any CPU
		{C37494BD-E554-4D21-8974-28B220878498}.Debug|x86.Build.0 = Debug|Any CPU
		{C37494BD-E554-4D21-8974-28B220878498}.Release|Any CPU.ActiveCfg = Release|Any CPU
		{C37494BD-E554-4D21-8974-28B220878498}.Release|Any CPU.Build.0 = Release|Any CPU
		{C37494BD-E554-4D21-8974-28B220878498}.Release|ARM.ActiveCfg = Release|Any CPU
		{C37494BD-E554-4D21-8974-28B220878498}.Release|ARM.Build.0 = Release|Any CPU
		{C37494BD-E554-4D21-8974-28B220878498}.Release|x64.ActiveCfg = Release|Any CPU
		{C37494BD-E554-4D21-8974-28B220878498}.Release|x64.Build.0 = Release|Any CPU
		{C37494BD-E554-4D21-8974-28B220878498}.Release|x86.ActiveCfg = Release|Any CPU
		{C37494BD-E554-4D21-8974-28B220878498}.Release|x86.Build.0 = Release|Any CPU
		{A34F30AD-382A-4B7A-BD73-693B7CD7F8BB}.Debug|Any CPU.ActiveCfg = Debug|Any CPU
		{A34F30AD-382A-4B7A-BD73-693B7CD7F8BB}.Debug|Any CPU.Build.0 = Debug|Any CPU
		{A34F30AD-382A-4B7A-BD73-693B7CD7F8BB}.Debug|ARM.ActiveCfg = Debug|Any CPU
		{A34F30AD-382A-4B7A-BD73-693B7CD7F8BB}.Debug|ARM.Build.0 = Debug|Any CPU
		{A34F30AD-382A-4B7A-BD73-693B7CD7F8BB}.Debug|x64.ActiveCfg = Debug|Any CPU
		{A34F30AD-382A-4B7A-BD73-693B7CD7F8BB}.Debug|x64.Build.0 = Debug|Any CPU
		{A34F30AD-382A-4B7A-BD73-693B7CD7F8BB}.Debug|x86.ActiveCfg = Debug|Any CPU
		{A34F30AD-382A-4B7A-BD73-693B7CD7F8BB}.Debug|x86.Build.0 = Debug|Any CPU
		{A34F30AD-382A-4B7A-BD73-693B7CD7F8BB}.Release|Any CPU.ActiveCfg = Release|Any CPU
		{A34F30AD-382A-4B7A-BD73-693B7CD7F8BB}.Release|Any CPU.Build.0 = Release|Any CPU
		{A34F30AD-382A-4B7A-BD73-693B7CD7F8BB}.Release|ARM.ActiveCfg = Release|Any CPU
		{A34F30AD-382A-4B7A-BD73-693B7CD7F8BB}.Release|ARM.Build.0 = Release|Any CPU
		{A34F30AD-382A-4B7A-BD73-693B7CD7F8BB}.Release|x64.ActiveCfg = Release|Any CPU
		{A34F30AD-382A-4B7A-BD73-693B7CD7F8BB}.Release|x64.Build.0 = Release|Any CPU
		{A34F30AD-382A-4B7A-BD73-693B7CD7F8BB}.Release|x86.ActiveCfg = Release|Any CPU
		{A34F30AD-382A-4B7A-BD73-693B7CD7F8BB}.Release|x86.Build.0 = Release|Any CPU
		{1BC48BA2-E5B5-4E57-95A6-D82523D803C5}.Debug|Any CPU.ActiveCfg = Debug|Any CPU
		{1BC48BA2-E5B5-4E57-95A6-D82523D803C5}.Debug|Any CPU.Build.0 = Debug|Any CPU
		{1BC48BA2-E5B5-4E57-95A6-D82523D803C5}.Debug|ARM.ActiveCfg = Debug|Any CPU
		{1BC48BA2-E5B5-4E57-95A6-D82523D803C5}.Debug|ARM.Build.0 = Debug|Any CPU
		{1BC48BA2-E5B5-4E57-95A6-D82523D803C5}.Debug|x64.ActiveCfg = Debug|Any CPU
		{1BC48BA2-E5B5-4E57-95A6-D82523D803C5}.Debug|x64.Build.0 = Debug|Any CPU
		{1BC48BA2-E5B5-4E57-95A6-D82523D803C5}.Debug|x86.ActiveCfg = Debug|Any CPU
		{1BC48BA2-E5B5-4E57-95A6-D82523D803C5}.Debug|x86.Build.0 = Debug|Any CPU
		{1BC48BA2-E5B5-4E57-95A6-D82523D803C5}.Release|Any CPU.ActiveCfg = Release|Any CPU
		{1BC48BA2-E5B5-4E57-95A6-D82523D803C5}.Release|Any CPU.Build.0 = Release|Any CPU
		{1BC48BA2-E5B5-4E57-95A6-D82523D803C5}.Release|ARM.ActiveCfg = Release|Any CPU
		{1BC48BA2-E5B5-4E57-95A6-D82523D803C5}.Release|ARM.Build.0 = Release|Any CPU
		{1BC48BA2-E5B5-4E57-95A6-D82523D803C5}.Release|x64.ActiveCfg = Release|Any CPU
		{1BC48BA2-E5B5-4E57-95A6-D82523D803C5}.Release|x64.Build.0 = Release|Any CPU
		{1BC48BA2-E5B5-4E57-95A6-D82523D803C5}.Release|x86.ActiveCfg = Release|Any CPU
		{1BC48BA2-E5B5-4E57-95A6-D82523D803C5}.Release|x86.Build.0 = Release|Any CPU
		{CC4343D8-7C39-4DAF-BC7F-A8C397EB0451}.Debug|Any CPU.ActiveCfg = Debug|Any CPU
		{CC4343D8-7C39-4DAF-BC7F-A8C397EB0451}.Debug|Any CPU.Build.0 = Debug|Any CPU
		{CC4343D8-7C39-4DAF-BC7F-A8C397EB0451}.Debug|ARM.ActiveCfg = Debug|Any CPU
		{CC4343D8-7C39-4DAF-BC7F-A8C397EB0451}.Debug|ARM.Build.0 = Debug|Any CPU
		{CC4343D8-7C39-4DAF-BC7F-A8C397EB0451}.Debug|x64.ActiveCfg = Debug|Any CPU
		{CC4343D8-7C39-4DAF-BC7F-A8C397EB0451}.Debug|x64.Build.0 = Debug|Any CPU
		{CC4343D8-7C39-4DAF-BC7F-A8C397EB0451}.Debug|x86.ActiveCfg = Debug|Any CPU
		{CC4343D8-7C39-4DAF-BC7F-A8C397EB0451}.Debug|x86.Build.0 = Debug|Any CPU
		{CC4343D8-7C39-4DAF-BC7F-A8C397EB0451}.Release|Any CPU.ActiveCfg = Release|Any CPU
		{CC4343D8-7C39-4DAF-BC7F-A8C397EB0451}.Release|Any CPU.Build.0 = Release|Any CPU
		{CC4343D8-7C39-4DAF-BC7F-A8C397EB0451}.Release|ARM.ActiveCfg = Release|Any CPU
		{CC4343D8-7C39-4DAF-BC7F-A8C397EB0451}.Release|ARM.Build.0 = Release|Any CPU
		{CC4343D8-7C39-4DAF-BC7F-A8C397EB0451}.Release|x64.ActiveCfg = Release|Any CPU
		{CC4343D8-7C39-4DAF-BC7F-A8C397EB0451}.Release|x64.Build.0 = Release|Any CPU
		{CC4343D8-7C39-4DAF-BC7F-A8C397EB0451}.Release|x86.ActiveCfg = Release|Any CPU
		{CC4343D8-7C39-4DAF-BC7F-A8C397EB0451}.Release|x86.Build.0 = Release|Any CPU
		{E28543B4-636B-48F9-BDD8-53FE94DA130F}.Debug|Any CPU.ActiveCfg = Debug|Any CPU
		{E28543B4-636B-48F9-BDD8-53FE94DA130F}.Debug|Any CPU.Build.0 = Debug|Any CPU
		{E28543B4-636B-48F9-BDD8-53FE94DA130F}.Debug|ARM.ActiveCfg = Debug|Any CPU
		{E28543B4-636B-48F9-BDD8-53FE94DA130F}.Debug|ARM.Build.0 = Debug|Any CPU
		{E28543B4-636B-48F9-BDD8-53FE94DA130F}.Debug|x64.ActiveCfg = Debug|Any CPU
		{E28543B4-636B-48F9-BDD8-53FE94DA130F}.Debug|x64.Build.0 = Debug|Any CPU
		{E28543B4-636B-48F9-BDD8-53FE94DA130F}.Debug|x86.ActiveCfg = Debug|Any CPU
		{E28543B4-636B-48F9-BDD8-53FE94DA130F}.Debug|x86.Build.0 = Debug|Any CPU
		{E28543B4-636B-48F9-BDD8-53FE94DA130F}.Release|Any CPU.ActiveCfg = Release|Any CPU
		{E28543B4-636B-48F9-BDD8-53FE94DA130F}.Release|Any CPU.Build.0 = Release|Any CPU
		{E28543B4-636B-48F9-BDD8-53FE94DA130F}.Release|ARM.ActiveCfg = Release|Any CPU
		{E28543B4-636B-48F9-BDD8-53FE94DA130F}.Release|ARM.Build.0 = Release|Any CPU
		{E28543B4-636B-48F9-BDD8-53FE94DA130F}.Release|x64.ActiveCfg = Release|Any CPU
		{E28543B4-636B-48F9-BDD8-53FE94DA130F}.Release|x64.Build.0 = Release|Any CPU
		{E28543B4-636B-48F9-BDD8-53FE94DA130F}.Release|x86.ActiveCfg = Release|Any CPU
		{E28543B4-636B-48F9-BDD8-53FE94DA130F}.Release|x86.Build.0 = Release|Any CPU
	EndGlobalSection
	GlobalSection(SolutionProperties) = preSolution
		HideSolutionNode = FALSE
	EndGlobalSection
	GlobalSection(NestedProjects) = preSolution
		{C37494BD-E554-4D21-8974-28B220878498} = {8CB57871-8FE3-4CD3-AB51-E5EDA513F86D}
		{A34F30AD-382A-4B7A-BD73-693B7CD7F8BB} = {77807875-F3FE-4B8D-9162-83D9F5333BCC}
		{1BC48BA2-E5B5-4E57-95A6-D82523D803C5} = {77807875-F3FE-4B8D-9162-83D9F5333BCC}
		{CC4343D8-7C39-4DAF-BC7F-A8C397EB0451} = {001ECD79-C422-481B-9654-4890AAC5BED3}
		{E28543B4-636B-48F9-BDD8-53FE94DA130F} = {001ECD79-C422-481B-9654-4890AAC5BED3}
	EndGlobalSection
	GlobalSection(ExtensibilityGlobals) = postSolution
		SolutionGuid = {4A5A9F1C-6846-4922-AF3E-B2DE44160171}
	EndGlobalSection
EndGlobal
