
Microsoft Visual Studio Solution File, Format Version 12.00
# Visual Studio Version 16
VisualStudioVersion = 16.0.29102.190
MinimumVisualStudioVersion = 10.0.40219.1
Project("{2150E333-8FDC-42A3-9474-1A3956D46DE8}") = "Core", "Core", "{8CB57871-8FE3-4CD3-AB51-E5EDA513F86D}"
EndProject
Project("{2150E333-8FDC-42A3-9474-1A3956D46DE8}") = "Application", "Application", "{77807875-F3FE-4B8D-9162-83D9F5333BCC}"
EndProject
Project("{9A19103F-16F7-4668-BE54-9A1E7A4F7556}") = "AJut.Core", "Core\AJut.Core.csproj", "{C37494BD-E554-4D21-8974-28B220878498}"
EndProject
Project("{9A19103F-16F7-4668-BE54-9A1E7A4F7556}") = "AJut.Application", "Application\AJut.Application\AJut.Application.csproj", "{87EF08DA-3F99-49CF-ABE8-4A587CD6D9C4}"
EndProject
Project("{FAE04EC0-301F-11D3-BF4B-00C04F79EFBC}") = "AJut.Application.UWP", "Application\AJut.Application.UWP\AJut.Application.UWP.csproj", "{0A14B821-595F-4840-B123-70C64899F319}"
EndProject
Project("{FAE04EC0-301F-11D3-BF4B-00C04F79EFBC}") = "AJut.Application.WPF", "Application\AJut.Application.WPF\AJut.Application.WPF.csproj", "{D3EA2B14-8C3E-421D-8763-E354F0B56358}"
EndProject
Project("{2150E333-8FDC-42A3-9474-1A3956D46DE8}") = "Test", "Test", "{001ECD79-C422-481B-9654-4890AAC5BED3}"
EndProject
Project("{2150E333-8FDC-42A3-9474-1A3956D46DE8}") = "UnitTests", "UnitTests", "{4D84BE01-4BC3-4EF1-B88F-471C3354792D}"
EndProject
Project("{FAE04EC0-301F-11D3-BF4B-00C04F79EFBC}") = "AJut.UnitTests.Core", "Test\AJut.UnitTests.Core\AJut.UnitTests.Core.csproj", "{0ADCD916-7356-43E5-8DF0-6386884AC27F}"
EndProject
Project("{2150E333-8FDC-42A3-9474-1A3956D46DE8}") = "Apps", "Apps", "{6C936129-EB8A-471E-BC76-539903A5CEF5}"
EndProject
Project("{FAE04EC0-301F-11D3-BF4B-00C04F79EFBC}") = "AJut.TestApp.WPF", "Test\AJut.TestApp.WPF\AJut.TestApp.WPF.csproj", "{615BFB01-68E8-44E8-90B7-A013A68119A4}"
EndProject
Global
	GlobalSection(SolutionConfigurationPlatforms) = preSolution
		Debug|Any CPU = Debug|Any CPU
		Debug|ARM = Debug|ARM
		Debug|x64 = Debug|x64
		Debug|x86 = Debug|x86
		Release|Any CPU = Release|Any CPU
		Release|ARM = Release|ARM
		Release|x64 = Release|x64
		Release|x86 = Release|x86
	EndGlobalSection
	GlobalSection(ProjectConfigurationPlatforms) = postSolution
		{C37494BD-E554-4D21-8974-28B220878498}.Debug|Any CPU.ActiveCfg = Debug|Any CPU
		{C37494BD-E554-4D21-8974-28B220878498}.Debug|Any CPU.Build.0 = Debug|Any CPU
		{C37494BD-E554-4D21-8974-28B220878498}.Debug|ARM.ActiveCfg = Debug|Any CPU
		{C37494BD-E554-4D21-8974-28B220878498}.Debug|ARM.Build.0 = Debug|Any CPU
		{C37494BD-E554-4D21-8974-28B220878498}.Debug|x64.ActiveCfg = Debug|Any CPU
		{C37494BD-E554-4D21-8974-28B220878498}.Debug|x64.Build.0 = Debug|Any CPU
		{C37494BD-E554-4D21-8974-28B220878498}.Debug|x86.ActiveCfg = Debug|Any CPU
		{C37494BD-E554-4D21-8974-28B220878498}.Debug|x86.Build.0 = Debug|Any CPU
		{C37494BD-E554-4D21-8974-28B220878498}.Release|Any CPU.ActiveCfg = Release|Any CPU
		{C37494BD-E554-4D21-8974-28B220878498}.Release|Any CPU.Build.0 = Release|Any CPU
		{C37494BD-E554-4D21-8974-28B220878498}.Release|ARM.ActiveCfg = Release|Any CPU
		{C37494BD-E554-4D21-8974-28B220878498}.Release|ARM.Build.0 = Release|Any CPU
		{C37494BD-E554-4D21-8974-28B220878498}.Release|x64.ActiveCfg = Release|Any CPU
		{C37494BD-E554-4D21-8974-28B220878498}.Release|x64.Build.0 = Release|Any CPU
		{C37494BD-E554-4D21-8974-28B220878498}.Release|x86.ActiveCfg = Release|Any CPU
		{C37494BD-E554-4D21-8974-28B220878498}.Release|x86.Build.0 = Release|Any CPU
		{87EF08DA-3F99-49CF-ABE8-4A587CD6D9C4}.Debug|Any CPU.ActiveCfg = Debug|Any CPU
		{87EF08DA-3F99-49CF-ABE8-4A587CD6D9C4}.Debug|Any CPU.Build.0 = Debug|Any CPU
		{87EF08DA-3F99-49CF-ABE8-4A587CD6D9C4}.Debug|ARM.ActiveCfg = Debug|Any CPU
		{87EF08DA-3F99-49CF-ABE8-4A587CD6D9C4}.Debug|ARM.Build.0 = Debug|Any CPU
		{87EF08DA-3F99-49CF-ABE8-4A587CD6D9C4}.Debug|x64.ActiveCfg = Debug|Any CPU
		{87EF08DA-3F99-49CF-ABE8-4A587CD6D9C4}.Debug|x64.Build.0 = Debug|Any CPU
		{87EF08DA-3F99-49CF-ABE8-4A587CD6D9C4}.Debug|x86.ActiveCfg = Debug|Any CPU
		{87EF08DA-3F99-49CF-ABE8-4A587CD6D9C4}.Debug|x86.Build.0 = Debug|Any CPU
		{87EF08DA-3F99-49CF-ABE8-4A587CD6D9C4}.Release|Any CPU.ActiveCfg = Release|Any CPU
		{87EF08DA-3F99-49CF-ABE8-4A587CD6D9C4}.Release|Any CPU.Build.0 = Release|Any CPU
		{87EF08DA-3F99-49CF-ABE8-4A587CD6D9C4}.Release|ARM.ActiveCfg = Release|Any CPU
		{87EF08DA-3F99-49CF-ABE8-4A587CD6D9C4}.Release|ARM.Build.0 = Release|Any CPU
		{87EF08DA-3F99-49CF-ABE8-4A587CD6D9C4}.Release|x64.ActiveCfg = Release|Any CPU
		{87EF08DA-3F99-49CF-ABE8-4A587CD6D9C4}.Release|x64.Build.0 = Release|Any CPU
		{87EF08DA-3F99-49CF-ABE8-4A587CD6D9C4}.Release|x86.ActiveCfg = Release|Any CPU
		{87EF08DA-3F99-49CF-ABE8-4A587CD6D9C4}.Release|x86.Build.0 = Release|Any CPU
		{0A14B821-595F-4840-B123-70C64899F319}.Debug|Any CPU.ActiveCfg = Debug|Any CPU
		{0A14B821-595F-4840-B123-70C64899F319}.Debug|Any CPU.Build.0 = Debug|Any CPU
		{0A14B821-595F-4840-B123-70C64899F319}.Debug|ARM.ActiveCfg = Debug|ARM
		{0A14B821-595F-4840-B123-70C64899F319}.Debug|ARM.Build.0 = Debug|ARM
		{0A14B821-595F-4840-B123-70C64899F319}.Debug|x64.ActiveCfg = Debug|x64
		{0A14B821-595F-4840-B123-70C64899F319}.Debug|x64.Build.0 = Debug|x64
		{0A14B821-595F-4840-B123-70C64899F319}.Debug|x86.ActiveCfg = Debug|x86
		{0A14B821-595F-4840-B123-70C64899F319}.Debug|x86.Build.0 = Debug|x86
		{0A14B821-595F-4840-B123-70C64899F319}.Release|Any CPU.ActiveCfg = Release|Any CPU
		{0A14B821-595F-4840-B123-70C64899F319}.Release|Any CPU.Build.0 = Release|Any CPU
		{0A14B821-595F-4840-B123-70C64899F319}.Release|ARM.ActiveCfg = Release|ARM
		{0A14B821-595F-4840-B123-70C64899F319}.Release|ARM.Build.0 = Release|ARM
		{0A14B821-595F-4840-B123-70C64899F319}.Release|x64.ActiveCfg = Release|x64
		{0A14B821-595F-4840-B123-70C64899F319}.Release|x64.Build.0 = Release|x64
		{0A14B821-595F-4840-B123-70C64899F319}.Release|x86.ActiveCfg = Release|x86
		{0A14B821-595F-4840-B123-70C64899F319}.Release|x86.Build.0 = Release|x86
		{D3EA2B14-8C3E-421D-8763-E354F0B56358}.Debug|Any CPU.ActiveCfg = Debug|Any CPU
		{D3EA2B14-8C3E-421D-8763-E354F0B56358}.Debug|Any CPU.Build.0 = Debug|Any CPU
		{D3EA2B14-8C3E-421D-8763-E354F0B56358}.Debug|ARM.ActiveCfg = Debug|Any CPU
		{D3EA2B14-8C3E-421D-8763-E354F0B56358}.Debug|ARM.Build.0 = Debug|Any CPU
		{D3EA2B14-8C3E-421D-8763-E354F0B56358}.Debug|x64.ActiveCfg = Debug|Any CPU
		{D3EA2B14-8C3E-421D-8763-E354F0B56358}.Debug|x64.Build.0 = Debug|Any CPU
		{D3EA2B14-8C3E-421D-8763-E354F0B56358}.Debug|x86.ActiveCfg = Debug|Any CPU
		{D3EA2B14-8C3E-421D-8763-E354F0B56358}.Debug|x86.Build.0 = Debug|Any CPU
		{D3EA2B14-8C3E-421D-8763-E354F0B56358}.Release|Any CPU.ActiveCfg = Release|Any CPU
		{D3EA2B14-8C3E-421D-8763-E354F0B56358}.Release|Any CPU.Build.0 = Release|Any CPU
		{D3EA2B14-8C3E-421D-8763-E354F0B56358}.Release|ARM.ActiveCfg = Release|Any CPU
		{D3EA2B14-8C3E-421D-8763-E354F0B56358}.Release|ARM.Build.0 = Release|Any CPU
		{D3EA2B14-8C3E-421D-8763-E354F0B56358}.Release|x64.ActiveCfg = Release|Any CPU
		{D3EA2B14-8C3E-421D-8763-E354F0B56358}.Release|x64.Build.0 = Release|Any CPU
		{D3EA2B14-8C3E-421D-8763-E354F0B56358}.Release|x86.ActiveCfg = Release|Any CPU
		{D3EA2B14-8C3E-421D-8763-E354F0B56358}.Release|x86.Build.0 = Release|Any CPU
		{0ADCD916-7356-43E5-8DF0-6386884AC27F}.Debug|Any CPU.ActiveCfg = Debug|Any CPU
		{0ADCD916-7356-43E5-8DF0-6386884AC27F}.Debug|Any CPU.Build.0 = Debug|Any CPU
		{0ADCD916-7356-43E5-8DF0-6386884AC27F}.Debug|ARM.ActiveCfg = Debug|Any CPU
		{0ADCD916-7356-43E5-8DF0-6386884AC27F}.Debug|ARM.Build.0 = Debug|Any CPU
		{0ADCD916-7356-43E5-8DF0-6386884AC27F}.Debug|x64.ActiveCfg = Debug|Any CPU
		{0ADCD916-7356-43E5-8DF0-6386884AC27F}.Debug|x64.Build.0 = Debug|Any CPU
		{0ADCD916-7356-43E5-8DF0-6386884AC27F}.Debug|x86.ActiveCfg = Debug|Any CPU
		{0ADCD916-7356-43E5-8DF0-6386884AC27F}.Debug|x86.Build.0 = Debug|Any CPU
		{0ADCD916-7356-43E5-8DF0-6386884AC27F}.Release|Any CPU.ActiveCfg = Release|Any CPU
		{0ADCD916-7356-43E5-8DF0-6386884AC27F}.Release|Any CPU.Build.0 = Release|Any CPU
		{0ADCD916-7356-43E5-8DF0-6386884AC27F}.Release|ARM.ActiveCfg = Release|Any CPU
		{0ADCD916-7356-43E5-8DF0-6386884AC27F}.Release|ARM.Build.0 = Release|Any CPU
		{0ADCD916-7356-43E5-8DF0-6386884AC27F}.Release|x64.ActiveCfg = Release|Any CPU
		{0ADCD916-7356-43E5-8DF0-6386884AC27F}.Release|x64.Build.0 = Release|Any CPU
		{0ADCD916-7356-43E5-8DF0-6386884AC27F}.Release|x86.ActiveCfg = Release|Any CPU
		{0ADCD916-7356-43E5-8DF0-6386884AC27F}.Release|x86.Build.0 = Release|Any CPU
		{615BFB01-68E8-44E8-90B7-A013A68119A4}.Debug|Any CPU.ActiveCfg = Debug|Any CPU
		{615BFB01-68E8-44E8-90B7-A013A68119A4}.Debug|Any CPU.Build.0 = Debug|Any CPU
		{615BFB01-68E8-44E8-90B7-A013A68119A4}.Debug|ARM.ActiveCfg = Debug|Any CPU
		{615BFB01-68E8-44E8-90B7-A013A68119A4}.Debug|ARM.Build.0 = Debug|Any CPU
		{615BFB01-68E8-44E8-90B7-A013A68119A4}.Debug|x64.ActiveCfg = Debug|Any CPU
		{615BFB01-68E8-44E8-90B7-A013A68119A4}.Debug|x64.Build.0 = Debug|Any CPU
		{615BFB01-68E8-44E8-90B7-A013A68119A4}.Debug|x86.ActiveCfg = Debug|Any CPU
		{615BFB01-68E8-44E8-90B7-A013A68119A4}.Debug|x86.Build.0 = Debug|Any CPU
		{615BFB01-68E8-44E8-90B7-A013A68119A4}.Release|Any CPU.ActiveCfg = Release|Any CPU
		{615BFB01-68E8-44E8-90B7-A013A68119A4}.Release|Any CPU.Build.0 = Release|Any CPU
		{615BFB01-68E8-44E8-90B7-A013A68119A4}.Release|ARM.ActiveCfg = Release|Any CPU
		{615BFB01-68E8-44E8-90B7-A013A68119A4}.Release|ARM.Build.0 = Release|Any CPU
		{615BFB01-68E8-44E8-90B7-A013A68119A4}.Release|x64.ActiveCfg = Release|Any CPU
		{615BFB01-68E8-44E8-90B7-A013A68119A4}.Release|x64.Build.0 = Release|Any CPU
		{615BFB01-68E8-44E8-90B7-A013A68119A4}.Release|x86.ActiveCfg = Release|Any CPU
		{615BFB01-68E8-44E8-90B7-A013A68119A4}.Release|x86.Build.0 = Release|Any CPU
	EndGlobalSection
	GlobalSection(SolutionProperties) = preSolution
		HideSolutionNode = FALSE
	EndGlobalSection
	GlobalSection(NestedProjects) = preSolution
		{C37494BD-E554-4D21-8974-28B220878498} = {8CB57871-8FE3-4CD3-AB51-E5EDA513F86D}
		{87EF08DA-3F99-49CF-ABE8-4A587CD6D9C4} = {77807875-F3FE-4B8D-9162-83D9F5333BCC}
		{0A14B821-595F-4840-B123-70C64899F319} = {77807875-F3FE-4B8D-9162-83D9F5333BCC}
		{D3EA2B14-8C3E-421D-8763-E354F0B56358} = {77807875-F3FE-4B8D-9162-83D9F5333BCC}
		{4D84BE01-4BC3-4EF1-B88F-471C3354792D} = {001ECD79-C422-481B-9654-4890AAC5BED3}
		{0ADCD916-7356-43E5-8DF0-6386884AC27F} = {4D84BE01-4BC3-4EF1-B88F-471C3354792D}
		{6C936129-EB8A-471E-BC76-539903A5CEF5} = {001ECD79-C422-481B-9654-4890AAC5BED3}
		{615BFB01-68E8-44E8-90B7-A013A68119A4} = {6C936129-EB8A-471E-BC76-539903A5CEF5}
	EndGlobalSection
	GlobalSection(ExtensibilityGlobals) = postSolution
		SolutionGuid = {4A5A9F1C-6846-4922-AF3E-B2DE44160171}
	EndGlobalSection
EndGlobal
